
Microsoft Visual Studio Solution File, Format Version 12.00
# Visual Studio Version 16
VisualStudioVersion = 16.0.31624.102
MinimumVisualStudioVersion = 10.0.40219.1
Project("{FAE04EC0-301F-11D3-BF4B-00C04F79EFBC}") = "MenuNombres", "MenuNombres\MenuNombres.csproj", "{51D50CE9-4023-4493-8B47-1EBD53463805}"
EndProject
Global
	GlobalSection(SolutionConfigurationPlatforms) = preSolution
		Debug|Any CPU = Debug|Any CPU
		Release|Any CPU = Release|Any CPU
	EndGlobalSection
	GlobalSection(ProjectConfigurationPlatforms) = postSolution
		{51D50CE9-4023-4493-8B47-1EBD53463805}.Debug|Any CPU.ActiveCfg = Debug|Any CPU
		{51D50CE9-4023-4493-8B47-1EBD53463805}.Debug|Any CPU.Build.0 = Debug|Any CPU
		{51D50CE9-4023-4493-8B47-1EBD53463805}.Release|Any CPU.ActiveCfg = Release|Any CPU
		{51D50CE9-4023-4493-8B47-1EBD53463805}.Release|Any CPU.Build.0 = Release|Any CPU
	EndGlobalSection
	GlobalSection(SolutionProperties) = preSolution
		HideSolutionNode = FALSE
	EndGlobalSection
	GlobalSection(ExtensibilityGlobals) = postSolution
		SolutionGuid = {E9D9DD13-C371-49D4-B335-99E2339C4CE3}
	EndGlobalSection
EndGlobal
